<?xml version="1.0" encoding="utf-8"?>
<Project ToolsVersion="4.0" xmlns="http://schemas.microsoft.com/developer/msbuild/2003">
  <ItemGroup>
    <Filter Include="Source Files">
      <UniqueIdentifier>{4FC737F1-C7A5-4376-A066-2A32D752A2FF}</UniqueIdentifier>
      <Extensions>cpp;c;cc;cxx;def;odl;idl;hpj;bat;asm;asmx</Extensions>
    </Filter>
    <Filter Include="Header Files">
      <UniqueIdentifier>{93995380-89BD-4b04-88EB-625FBE52EBFB}</UniqueIdentifier>
      <Extensions>h;hh;hpp;hxx;hm;inl;inc;xsd</Extensions>
    </Filter>
    <Filter Include="Resource Files">
      <UniqueIdentifier>{D9D6E242-F8AF-46E4-B9FD-80ECBC20BA3E}</UniqueIdentifier>
      <Extensions>qrc;*</Extensions>
      <ParseFiles>false</ParseFiles>
    </Filter>
    <Filter Include="Form Files">
      <UniqueIdentifier>{99349809-55BA-4b9d-BF79-8FDBB0286EB3}</UniqueIdentifier>
      <Extensions>ui</Extensions>
    </Filter>
    <Filter Include="Resource Files">
      <UniqueIdentifier>{D9D6E242-F8AF-46E4-B9FD-80ECBC20BA3E}</UniqueIdentifier>
      <Extensions>qrc;*</Extensions>
      <ParseFiles>false</ParseFiles>
    </Filter>
    <Filter Include="Generated Files">
      <UniqueIdentifier>{71ED8ED8-ACB9-4CE9-BBE1-E00B30144E11}</UniqueIdentifier>
      <Extensions>moc;h;cpp</Extensions>
      <SourceControlFiles>False</SourceControlFiles>
    </Filter>
  </ItemGroup>
  <ItemGroup>
    <ClCompile Include="main.cpp">
      <Filter>Source Files</Filter>
    </ClCompile>
    <ClCompile Include="Makeup.cpp">
      <Filter>Source Files</Filter>
    </ClCompile>
    <ClCompile Include="sliderpicture.cpp">
      <Filter>Source Files</Filter>
    </ClCompile>
  </ItemGroup>
  <ItemGroup>
    <QtMoc Include="Makeup.h">
      <Filter>Header Files</Filter>
    </QtMoc>
    <QtMoc Include="sliderpicture.h">
      <Filter>Header Files</Filter>
    </QtMoc>
  </ItemGroup>
  <ItemGroup>
    <QtUic Include="Makeup.ui">
      <Filter>Form Files</Filter>
    </QtUic>
  </ItemGroup>
  <ItemGroup>
    <QtRcc Include="Makeup.qrc">
      <Filter>Resource Files</Filter>
    </QtRcc>
    <QtRcc Include="sliderpicture.qrc">
      <Filter>Resource Files</Filter>
    </QtRcc>
  </ItemGroup>
  <ItemGroup>
    <Image Include="img\bg_bottom.png">
      <Filter>Resource Files</Filter>
    </Image>
    <Image Include="img\c1i0.png">
      <Filter>Resource Files</Filter>
    </Image>
    <Image Include="img\c1i1.png">
      <Filter>Resource Files</Filter>
    </Image>
    <Image Include="img\c1i2.png">
      <Filter>Resource Files</Filter>
    </Image>
    <Image Include="img\c1i3.png">
      <Filter>Resource Files</Filter>
    </Image>
    <Image Include="img\c1i4.png">
      <Filter>Resource Files</Filter>
    </Image>
    <Image Include="img\c1i5.png">
      <Filter>Resource Files</Filter>
    </Image>
    <Image Include="img\c2i0.png">
      <Filter>Resource Files</Filter>
    </Image>
    <Image Include="img\c2i1.png">
      <Filter>Resource Files</Filter>
    </Image>
    <Image Include="img\c2i2.png">
      <Filter>Resource Files</Filter>
    </Image>
    <Image Include="img\c2i3.png">
      <Filter>Resource Files</Filter>
    </Image>
    <Image Include="img\c2i4.png">
      <Filter>Resource Files</Filter>
    </Image>
    <Image Include="img\c2i5.png">
      <Filter>Resource Files</Filter>
    </Image>
    <Image Include="img\c3i0.png">
      <Filter>Resource Files</Filter>
    </Image>
    <Image Include="img\c3i1.png">
      <Filter>Resource Files</Filter>
    </Image>
    <Image Include="img\c3i2.png">
      <Filter>Resource Files</Filter>
    </Image>
    <Image Include="img\c3i3.png">
      <Filter>Resource Files</Filter>
    </Image>
    <Image Include="img\c3i4.png">
      <Filter>Resource Files</Filter>
    </Image>
    <Image Include="img\c3i5.png">
      <Filter>Resource Files</Filter>
    </Image>
    <Image Include="img\c4i0.png">
      <Filter>Resource Files</Filter>
    </Image>
    <Image Include="img\c4i1.png">
      <Filter>Resource Files</Filter>
    </Image>
    <Image Include="img\c4i2.png">
      <Filter>Resource Files</Filter>
    </Image>
    <Image Include="img\c4i3.png">
      <Filter>Resource Files</Filter>
    </Image>
    <Image Include="img\c4i4.png">
      <Filter>Resource Files</Filter>
    </Image>
    <Image Include="img\c4i5.png">
      <Filter>Resource Files</Filter>
    </Image>
    <Image Include="img\cate0.png">
      <Filter>Resource Files</Filter>
    </Image>
    <Image Include="img\cate1.png">
      <Filter>Resource Files</Filter>
    </Image>
    <Image Include="img\cate2.png">
      <Filter>Resource Files</Filter>
    </Image>
    <Image Include="img\cate3.png">
      <Filter>Resource Files</Filter>
    </Image>
    <Image Include="img\close.png">
      <Filter>Resource Files</Filter>
    </Image>
    <Image Include="img\close_hover.png">
      <Filter>Resource Files</Filter>
    </Image>
    <Image Include="img\close_pressed.png">
      <Filter>Resource Files</Filter>
    </Image>
    <Image Include="img\info0_0.jpg">
      <Filter>Resource Files</Filter>
    </Image>
    <Image Include="img\info0_1.jpg">
      <Filter>Resource Files</Filter>
    </Image>
    <Image Include="img\info0_2.jpg">
      <Filter>Resource Files</Filter>
    </Image>
    <Image Include="img\info0_3.jpg">
      <Filter>Resource Files</Filter>
    </Image>
    <Image Include="img\info0_4.jpg">
      <Filter>Resource Files</Filter>
    </Image>
    <Image Include="img\info0_5.jpg">
      <Filter>Resource Files</Filter>
    </Image>
    <Image Include="img\info1_0.jpg">
      <Filter>Resource Files</Filter>
    </Image>
    <Image Include="img\info1_1.jpg">
      <Filter>Resource Files</Filter>
    </Image>
    <Image Include="img\info1_2.jpg">
      <Filter>Resource Files</Filter>
    </Image>
    <Image Include="img\info1_3.jpg">
      <Filter>Resource Files</Filter>
    </Image>
    <Image Include="img\info1_4.jpg">
      <Filter>Resource Files</Filter>
    </Image>
    <Image Include="img\info1_5.jpg">
      <Filter>Resource Files</Filter>
    </Image>
    <Image Include="img\info2_0.jpg">
      <Filter>Resource Files</Filter>
    </Image>
    <Image Include="img\info2_1.jpg">
      <Filter>Resource Files</Filter>
    </Image>
    <Image Include="img\info2_2.jpg">
      <Filter>Resource Files</Filter>
    </Image>
    <Image Include="img\info2_3.jpg">
      <Filter>Resource Files</Filter>
    </Image>
    <Image Include="img\info2_4.jpg">
      <Filter>Resource Files</Filter>
    </Image>
    <Image Include="img\info2_5.jpg">
      <Filter>Resource Files</Filter>
    </Image>
    <Image Include="img\info3_0.jpg">
      <Filter>Resource Files</Filter>
    </Image>
    <Image Include="img\info3_1.jpg">
      <Filter>Resource Files</Filter>
    </Image>
    <Image Include="img\info3_2.jpg">
      <Filter>Resource Files</Filter>
    </Image>
    <Image Include="img\info3_3.jpg">
      <Filter>Resource Files</Filter>
    </Image>
    <Image Include="img\info3_4.jpg">
      <Filter>Resource Files</Filter>
    </Image>
    <Image Include="img\info3_5.jpg">
      <Filter>Resource Files</Filter>
    </Image>
  </ItemGroup>
</Project>